
Microsoft Visual Studio Solution File, Format Version 12.00
# Visual Studio Version 16
VisualStudioVersion = 16.0.29709.97
MinimumVisualStudioVersion = 10.0.40219.1
Project("{9A19103F-16F7-4668-BE54-9A1E7A4F7556}") = "VideoStore", "VideoStore\VideoStore.csproj", "{E51B043B-83CA-4899-9FA0-28B877B4AEA3}"
EndProject
Global
	GlobalSection(SolutionConfigurationPlatforms) = preSolution
		Debug|Any CPU = Debug|Any CPU
		Release|Any CPU = Release|Any CPU
	EndGlobalSection
	GlobalSection(ProjectConfigurationPlatforms) = postSolution
		{E51B043B-83CA-4899-9FA0-28B877B4AEA3}.Debug|Any CPU.ActiveCfg = Debug|Any CPU
		{E51B043B-83CA-4899-9FA0-28B877B4AEA3}.Debug|Any CPU.Build.0 = Debug|Any CPU
		{E51B043B-83CA-4899-9FA0-28B877B4AEA3}.Release|Any CPU.ActiveCfg = Release|Any CPU
		{E51B043B-83CA-4899-9FA0-28B877B4AEA3}.Release|Any CPU.Build.0 = Release|Any CPU
	EndGlobalSection
	GlobalSection(SolutionProperties) = preSolution
		HideSolutionNode = FALSE
	EndGlobalSection
	GlobalSection(ExtensibilityGlobals) = postSolution
		SolutionGuid = {2E7A6578-D3B2-4A02-9F0D-D731838D4FDF}
	EndGlobalSection
EndGlobal
